<?xml version="1.0" encoding="utf-8"?>
<Project ToolsVersion="4.0" xmlns="http://schemas.microsoft.com/developer/msbuild/2003">
  <ItemGroup>
    <Filter Include="Source Files">
      <UniqueIdentifier>{4FC737F1-C7A5-4376-A066-2A32D752A2FF}</UniqueIdentifier>
      <Extensions>cpp;c;cc;cxx;def;odl;idl;hpj;bat;asm;asmx</Extensions>
    </Filter>
    <Filter Include="Header Files">
      <UniqueIdentifier>{93995380-89BD-4b04-88EB-625FBE52EBFB}</UniqueIdentifier>
      <Extensions>h;hpp;hxx;hm;inl;inc;xsd</Extensions>
    </Filter>
    <Filter Include="Resource Files">
      <UniqueIdentifier>{67DA6AB6-F800-4c08-8B7A-83BB121AAD01}</UniqueIdentifier>
      <Extensions>rc;ico;cur;bmp;dlg;rc2;rct;bin;rgs;gif;jpg;jpeg;jpe;resx;tiff;tif;png;wav</Extensions>
    </Filter>
    <Filter Include="Resource Files\sounds">
      <UniqueIdentifier>{53bb08da-9adb-4494-bdc8-d6a11b18b704}</UniqueIdentifier>
    </Filter>
  </ItemGroup>
  <ItemGroup>
    <ClCompile Include="audio.cpp">
      <Filter>Source Files</Filter>
    </ClCompile>
    <ClCompile Include="game.cpp">
      <Filter>Source Files</Filter>
    </ClCompile>
    <ClCompile Include="graphics.cpp">
      <Filter>Source Files</Filter>
    </ClCompile>
    <ClCompile Include="input.cpp">
      <Filter>Source Files</Filter>
    </ClCompile>
    <ClCompile Include="winmain.cpp">
      <Filter>Source Files</Filter>
    </ClCompile>
    <ClCompile Include="textDX.cpp">
      <Filter>Source Files</Filter>
    </ClCompile>
    <ClCompile Include="dontdie.cpp">
      <Filter>Source Files</Filter>
    </ClCompile>
    <ClCompile Include="textureManager.cpp">
      <Filter>Source Files</Filter>
    </ClCompile>
    <ClCompile Include="image.cpp">
      <Filter>Source Files</Filter>
    </ClCompile>
    <ClCompile Include="entity.cpp">
      <Filter>Source Files</Filter>
    </ClCompile>
    <ClCompile Include="player.cpp">
      <Filter>Source Files</Filter>
    </ClCompile>
    <ClCompile Include="zombie.cpp">
      <Filter>Source Files</Filter>
    </ClCompile>
    <ClCompile Include="boss.cpp">
      <Filter>Source Files</Filter>
    </ClCompile>
    <ClCompile Include="bossCannon.cpp">
      <Filter>Source Files</Filter>
    </ClCompile>
    <ClCompile Include="bossShield.cpp">
      <Filter>Source Files</Filter>
    </ClCompile>
    <ClCompile Include="wall.cpp">
      <Filter>Source Files</Filter>
    </ClCompile>
    <ClCompile Include="astar.cpp">
      <Filter>Source Files</Filter>
    </ClCompile>
    <ClCompile Include="tank.cpp">
      <Filter>Source Files</Filter>
    </ClCompile>
    <ClCompile Include="spitter.cpp">
      <Filter>Source Files</Filter>
    </ClCompile>
    <ClCompile Include="spitterbullet.cpp">
      <Filter>Source Files</Filter>
    </ClCompile>
    <ClCompile Include="bullet.cpp">
      <Filter>Source Files</Filter>
    </ClCompile>
    <ClCompile Include="playerHealth.cpp">
      <Filter>Source Files</Filter>
    </ClCompile>
    <ClCompile Include="start.cpp">
      <Filter>Source Files</Filter>
    </ClCompile>
    <ClCompile Include="instruction.cpp">
      <Filter>Source Files</Filter>
    </ClCompile>
    <ClCompile Include="win.cpp">
      <Filter>Source Files</Filter>
    </ClCompile>
    <ClCompile Include="lose.cpp">
      <Filter>Source Files</Filter>
    </ClCompile>
  </ItemGroup>
  <ItemGroup>
    <ClInclude Include="audio.h">
      <Filter>Header Files</Filter>
    </ClInclude>
    <ClInclude Include="constants.h">
      <Filter>Header Files</Filter>
    </ClInclude>
    <ClInclude Include="game.h">
      <Filter>Header Files</Filter>
    </ClInclude>
    <ClInclude Include="graphics.h">
      <Filter>Header Files</Filter>
    </ClInclude>
    <ClInclude Include="input.h">
      <Filter>Header Files</Filter>
    </ClInclude>
    <ClInclude Include="textDX.h">
      <Filter>Header Files</Filter>
    </ClInclude>
    <ClInclude Include="gameError.h">
      <Filter>Header Files</Filter>
    </ClInclude>
    <ClInclude Include="dontdie.h">
      <Filter>Header Files</Filter>
    </ClInclude>
    <ClInclude Include="textureManager.h">
      <Filter>Header Files</Filter>
    </ClInclude>
    <ClInclude Include="image.h">
      <Filter>Header Files</Filter>
    </ClInclude>
    <ClInclude Include="entity.h">
      <Filter>Header Files</Filter>
    </ClInclude>
    <ClInclude Include="player.h">
      <Filter>Header Files</Filter>
    </ClInclude>
    <ClInclude Include="zombie.h">
      <Filter>Header Files</Filter>
    </ClInclude>
    <ClInclude Include="boss.h">
      <Filter>Header Files</Filter>
    </ClInclude>
    <ClInclude Include="bossCannon.h">
      <Filter>Header Files</Filter>
    </ClInclude>
    <ClInclude Include="bossShield.h">
      <Filter>Header Files</Filter>
    </ClInclude>
    <ClInclude Include="wall.h">
      <Filter>Header Files</Filter>
    </ClInclude>
    <ClInclude Include="astar.h">
      <Filter>Header Files</Filter>
    </ClInclude>
    <ClInclude Include="tank.h">
      <Filter>Header Files</Filter>
    </ClInclude>
    <ClInclude Include="spitter.h">
      <Filter>Header Files</Filter>
    </ClInclude>
    <ClInclude Include="spitterbullet.h">
      <Filter>Header Files</Filter>
    </ClInclude>
    <ClInclude Include="bullet.h">
      <Filter>Header Files</Filter>
    </ClInclude>
    <ClInclude Include="playerHealth.h">
      <Filter>Header Files</Filter>
    </ClInclude>
    <ClInclude Include="start.h">
      <Filter>Header Files</Filter>
    </ClInclude>
    <ClInclude Include="instruction.h">
      <Filter>Header Files</Filter>
    </ClInclude>
    <ClInclude Include="win.h">
      <Filter>Header Files</Filter>
    </ClInclude>
    <ClInclude Include="lose.h">
      <Filter>Header Files</Filter>
    </ClInclude>
  </ItemGroup>
  <ItemGroup>
    <Media Include="music.mp3">
      <Filter>Resource Files\sounds</Filter>
    </Media>
  </ItemGroup>
</Project>